
Microsoft Visual Studio Solution File, Format Version 12.00
# Visual Studio Version 16
VisualStudioVersion = 16.0.30225.117
MinimumVisualStudioVersion = 10.0.40219.1
Project("{FAE04EC0-301F-11D3-BF4B-00C04F79EFBC}") = "MethodOveriding", "MethodOveriding\MethodOveriding.csproj", "{A7EC2640-0146-4950-8916-88175FA1A20F}"
EndProject
Project("{2150E333-8FDC-42A3-9474-1A3956D46DE8}") = "Tips", "Tips", "{C4324012-2AC1-4AF7-A880-CF8622BD61AB}"
	ProjectSection(SolutionItems) = preProject
		Tips.txt = Tips.txt
	EndProjectSection
EndProject
Global
	GlobalSection(SolutionConfigurationPlatforms) = preSolution
		Debug|Any CPU = Debug|Any CPU
		Release|Any CPU = Release|Any CPU
	EndGlobalSection
	GlobalSection(ProjectConfigurationPlatforms) = postSolution
		{A7EC2640-0146-4950-8916-88175FA1A20F}.Debug|Any CPU.ActiveCfg = Debug|Any CPU
		{A7EC2640-0146-4950-8916-88175FA1A20F}.Debug|Any CPU.Build.0 = Debug|Any CPU
		{A7EC2640-0146-4950-8916-88175FA1A20F}.Release|Any CPU.ActiveCfg = Release|Any CPU
		{A7EC2640-0146-4950-8916-88175FA1A20F}.Release|Any CPU.Build.0 = Release|Any CPU
	EndGlobalSection
	GlobalSection(SolutionProperties) = preSolution
		HideSolutionNode = FALSE
	EndGlobalSection
	GlobalSection(ExtensibilityGlobals) = postSolution
		SolutionGuid = {18065FCA-DB68-4008-91B2-81F0E496E0CF}
	EndGlobalSection
EndGlobal
